lockfileVersion: '9.0'

settings:
  autoInstallPeers: true
  excludeLinksFromLockfile: false

importers:

  .:
    dependencies:
      yaml:
        specifier: ^2.8.0
        version: 2.9.1
    devDependencies:
      '@types/node':
        specifier: ^24.0.0
        version: 24.13.5
      typescript:
        specifier: ^5.8.0
        version: 5.9.3

packages:

  '@types/node@24.13.5':
    resolution: {integrity: sha512-TXyindR+lBr22aJIdMQzCFHPHR6cR4js838mRDCSz5hOKWZvZwsXSSiXDmjRj4iJmgl+sR9O+1mkoVBSMadNug==}

  typescript@5.9.3:
    resolution: {integrity: sha512-jl1vZzPDinLr9eUt3J/t7V6FgNEw9QjvBPdysz9KfQDD41fQrC2Y4vKQdiaUpFT4bXlb1RHhLpp8wtm6M5TgSw==}
    engines: {node: '>=14.17'}
    hasBin: true

  undici-types@7.18.2:
    resolution: {integrity: sha512-AsuCzffGHJybSaRrmr5eHr81mwJU3kjw6M+uprWvCXiNeN9SOGwQ3Jn8jb8m3Z6izVgknn1R0FTCEAP2QrLY/w==}

  yaml@2.9.1:
    resolution: {integrity: sha512-3NxN8+78OdzbT7C/WjGsyfPAtJaN3FNDsWxv7Y7mcDsT/oOmgW8BpyQQFFBnvZE3j9Y2Sdz1ULFLezL7Eb2yFw==}
    engines: {node: '>= 14.6'}
    hasBin: true

snapshots:

  '@types/node@24.13.5':
    dependencies:
      undici-types: 7.18.2

  typescript@5.9.3: {}

  undici-types@7.18.2: {}

  yaml@2.9.1: {}
